
Microsoft Visual Studio Solution File, Format Version 12.00
# Visual Studio Version 16
VisualStudioVersion = 16.0.31624.102
MinimumVisualStudioVersion = 10.0.40219.1
Project("{FAE04EC0-301F-11D3-BF4B-00C04F79EFBC}") = "FizzBuzz", "FizzBuzz\FizzBuzz.csproj", "{09BB1FA0-F8F1-4170-AF53-91912767BA0F}"
EndProject
Global
	GlobalSection(SolutionConfigurationPlatforms) = preSolution
		Debug|Any CPU = Debug|Any CPU
		Release|Any CPU = Release|Any CPU
	EndGlobalSection
	GlobalSection(ProjectConfigurationPlatforms) = postSolution
		{09BB1FA0-F8F1-4170-AF53-91912767BA0F}.Debug|Any CPU.ActiveCfg = Debug|Any CPU
		{09BB1FA0-F8F1-4170-AF53-91912767BA0F}.Debug|Any CPU.Build.0 = Debug|Any CPU
		{09BB1FA0-F8F1-4170-AF53-91912767BA0F}.Release|Any CPU.ActiveCfg = Release|Any CPU
		{09BB1FA0-F8F1-4170-AF53-91912767BA0F}.Release|Any CPU.Build.0 = Release|Any CPU
	EndGlobalSection
	GlobalSection(SolutionProperties) = preSolution
		HideSolutionNode = FALSE
	EndGlobalSection
	GlobalSection(ExtensibilityGlobals) = postSolution
		SolutionGuid = {85FCAEB3-5895-403A-A035-94B1E68AE60B}
	EndGlobalSection
EndGlobal
